
Microsoft Visual Studio Solution File, Format Version 12.00
# Visual Studio Version 17
VisualStudioVersion = 17.5.002.0
MinimumVisualStudioVersion = 10.0.40219.1
Project("{9A19103F-16F7-4668-BE54-9A1E7A4F7556}") = "frontendnet", "frontendnet.csproj", "{47423BDA-C172-4BEB-AC39-826EBEC0B064}"
EndProject
Global
	GlobalSection(SolutionConfigurationPlatforms) = preSolution
		Debug|Any CPU = Debug|Any CPU
		Release|Any CPU = Release|Any CPU
	EndGlobalSection
	GlobalSection(ProjectConfigurationPlatforms) = postSolution
		{47423BDA-C172-4BEB-AC39-826EBEC0B064}.Debug|Any CPU.ActiveCfg = Debug|Any CPU
		{47423BDA-C172-4BEB-AC39-826EBEC0B064}.Debug|Any CPU.Build.0 = Debug|Any CPU
		{47423BDA-C172-4BEB-AC39-826EBEC0B064}.Release|Any CPU.ActiveCfg = Release|Any CPU
		{47423BDA-C172-4BEB-AC39-826EBEC0B064}.Release|Any CPU.Build.0 = Release|Any CPU
	EndGlobalSection
	GlobalSection(SolutionProperties) = preSolution
		HideSolutionNode = FALSE
	EndGlobalSection
	GlobalSection(ExtensibilityGlobals) = postSolution
		SolutionGuid = {AC24F533-497A-4925-8A1F-C82B5D947D2D}
	EndGlobalSection
EndGlobal
